
Microsoft Visual Studio Solution File, Format Version 12.00
# Visual Studio Version 17
VisualStudioVersion = 17.0.31903.59
MinimumVisualStudioVersion = 10.0.40219.1
Project("{2150E333-8FDC-42A3-9474-1A3956D46DE8}") = "src", "src", "{F723041C-AB6A-47F0-A57D-5EB4F9CE9C13}"
EndProject
Project("{FAE04EC0-301F-11D3-BF4B-00C04F79EFBC}") = "AuctionService", "src\AuctionService\AuctionService.csproj", "{52B34B3F-DEE6-4BFE-9A5B-8FEDA0E9E482}"
EndProject
Project("{FAE04EC0-301F-11D3-BF4B-00C04F79EFBC}") = "SearchService", "src\SearchService\SearchService.csproj", "{D37BAC88-CD09-48DA-A711-3643BD6E407D}"
EndProject
Project("{FAE04EC0-301F-11D3-BF4B-00C04F79EFBC}") = "Contracts", "src\Contracts\Contracts.csproj", "{C338A4F0-CD7E-4B49-8B75-7A2C8A8992E0}"
EndProject
Project("{FAE04EC0-301F-11D3-BF4B-00C04F79EFBC}") = "IdentityService", "src\IdentityService\IdentityService.csproj", "{6E9A6A6D-8A9D-477C-A224-6FD02D831899}"
EndProject
Global
	GlobalSection(SolutionConfigurationPlatforms) = preSolution
		Debug|Any CPU = Debug|Any CPU
		Release|Any CPU = Release|Any CPU
	EndGlobalSection
	GlobalSection(SolutionProperties) = preSolution
		HideSolutionNode = FALSE
	EndGlobalSection
	GlobalSection(ProjectConfigurationPlatforms) = postSolution
		{52B34B3F-DEE6-4BFE-9A5B-8FEDA0E9E482}.Debug|Any CPU.ActiveCfg = Debug|Any CPU
		{52B34B3F-DEE6-4BFE-9A5B-8FEDA0E9E482}.Debug|Any CPU.Build.0 = Debug|Any CPU
		{52B34B3F-DEE6-4BFE-9A5B-8FEDA0E9E482}.Release|Any CPU.ActiveCfg = Release|Any CPU
		{52B34B3F-DEE6-4BFE-9A5B-8FEDA0E9E482}.Release|Any CPU.Build.0 = Release|Any CPU
		{D37BAC88-CD09-48DA-A711-3643BD6E407D}.Debug|Any CPU.ActiveCfg = Debug|Any CPU
		{D37BAC88-CD09-48DA-A711-3643BD6E407D}.Debug|Any CPU.Build.0 = Debug|Any CPU
		{D37BAC88-CD09-48DA-A711-3643BD6E407D}.Release|Any CPU.ActiveCfg = Release|Any CPU
		{D37BAC88-CD09-48DA-A711-3643BD6E407D}.Release|Any CPU.Build.0 = Release|Any CPU
		{C338A4F0-CD7E-4B49-8B75-7A2C8A8992E0}.Debug|Any CPU.ActiveCfg = Debug|Any CPU
		{C338A4F0-CD7E-4B49-8B75-7A2C8A8992E0}.Debug|Any CPU.Build.0 = Debug|Any CPU
		{C338A4F0-CD7E-4B49-8B75-7A2C8A8992E0}.Release|Any CPU.ActiveCfg = Release|Any CPU
		{C338A4F0-CD7E-4B49-8B75-7A2C8A8992E0}.Release|Any CPU.Build.0 = Release|Any CPU
		{6E9A6A6D-8A9D-477C-A224-6FD02D831899}.Debug|Any CPU.ActiveCfg = Debug|Any CPU
		{6E9A6A6D-8A9D-477C-A224-6FD02D831899}.Debug|Any CPU.Build.0 = Debug|Any CPU
		{6E9A6A6D-8A9D-477C-A224-6FD02D831899}.Release|Any CPU.ActiveCfg = Release|Any CPU
		{6E9A6A6D-8A9D-477C-A224-6FD02D831899}.Release|Any CPU.Build.0 = Release|Any CPU
	EndGlobalSection
	GlobalSection(NestedProjects) = preSolution
		{52B34B3F-DEE6-4BFE-9A5B-8FEDA0E9E482} = {F723041C-AB6A-47F0-A57D-5EB4F9CE9C13}
		{D37BAC88-CD09-48DA-A711-3643BD6E407D} = {F723041C-AB6A-47F0-A57D-5EB4F9CE9C13}
		{C338A4F0-CD7E-4B49-8B75-7A2C8A8992E0} = {F723041C-AB6A-47F0-A57D-5EB4F9CE9C13}
		{6E9A6A6D-8A9D-477C-A224-6FD02D831899} = {F723041C-AB6A-47F0-A57D-5EB4F9CE9C13}
	EndGlobalSection
EndGlobal
